
Microsoft Visual Studio Solution File, Format Version 12.00
# Visual Studio Version 17
VisualStudioVersion = 17.10.35013.160
MinimumVisualStudioVersion = 10.0.40219.1
Project("{FAE04EC0-301F-11D3-BF4B-00C04F79EFBC}") = "ConsoleApp1", "ConsoleApp1\ConsoleApp1.csproj", "{076DDA0F-E5C3-4C30-BA94-14F2C886D2BE}"
EndProject
Project("{FAE04EC0-301F-11D3-BF4B-00C04F79EFBC}") = "UnitTestProject1", "UnitTestProject1\UnitTestProject1.csproj", "{BD8B8A27-C1B5-4D9E-8455-390AC2603D6A}"
EndProject
Global
	GlobalSection(SolutionConfigurationPlatforms) = preSolution
		Debug|Any CPU = Debug|Any CPU
		Release|Any CPU = Release|Any CPU
	EndGlobalSection
	GlobalSection(ProjectConfigurationPlatforms) = postSolution
		{076DDA0F-E5C3-4C30-BA94-14F2C886D2BE}.Debug|Any CPU.ActiveCfg = Debug|Any CPU
		{076DDA0F-E5C3-4C30-BA94-14F2C886D2BE}.Debug|Any CPU.Build.0 = Debug|Any CPU
		{076DDA0F-E5C3-4C30-BA94-14F2C886D2BE}.Release|Any CPU.ActiveCfg = Release|Any CPU
		{076DDA0F-E5C3-4C30-BA94-14F2C886D2BE}.Release|Any CPU.Build.0 = Release|Any CPU
		{BD8B8A27-C1B5-4D9E-8455-390AC2603D6A}.Debug|Any CPU.ActiveCfg = Debug|Any CPU
		{BD8B8A27-C1B5-4D9E-8455-390AC2603D6A}.Debug|Any CPU.Build.0 = Debug|Any CPU
		{BD8B8A27-C1B5-4D9E-8455-390AC2603D6A}.Release|Any CPU.ActiveCfg = Release|Any CPU
		{BD8B8A27-C1B5-4D9E-8455-390AC2603D6A}.Release|Any CPU.Build.0 = Release|Any CPU
	EndGlobalSection
	GlobalSection(SolutionProperties) = preSolution
		HideSolutionNode = FALSE
	EndGlobalSection
	GlobalSection(ExtensibilityGlobals) = postSolution
		SolutionGuid = {C6B7885E-84A8-44FB-ACAC-EBE5372C7C46}
	EndGlobalSection
EndGlobal
