
Microsoft Visual Studio Solution File, Format Version 12.00
# Visual Studio Version 17
VisualStudioVersion = 17.10.35013.160
MinimumVisualStudioVersion = 10.0.40219.1
Project("{FAE04EC0-301F-11D3-BF4B-00C04F79EFBC}") = "Exersice 1", "Exersice 1\Exersice 1.csproj", "{00C22A28-0435-4198-B36C-EBD45BB65A85}"
EndProject
Global
	GlobalSection(SolutionConfigurationPlatforms) = preSolution
		Debug|Any CPU = Debug|Any CPU
		Release|Any CPU = Release|Any CPU
	EndGlobalSection
	GlobalSection(ProjectConfigurationPlatforms) = postSolution
		{00C22A28-0435-4198-B36C-EBD45BB65A85}.Debug|Any CPU.ActiveCfg = Debug|Any CPU
		{00C22A28-0435-4198-B36C-EBD45BB65A85}.Debug|Any CPU.Build.0 = Debug|Any CPU
		{00C22A28-0435-4198-B36C-EBD45BB65A85}.Release|Any CPU.ActiveCfg = Release|Any CPU
		{00C22A28-0435-4198-B36C-EBD45BB65A85}.Release|Any CPU.Build.0 = Release|Any CPU
	EndGlobalSection
	GlobalSection(SolutionProperties) = preSolution
		HideSolutionNode = FALSE
	EndGlobalSection
	GlobalSection(ExtensibilityGlobals) = postSolution
		SolutionGuid = {7FA14DD4-0EF7-4A10-9846-0B0DCFEA58BE}
	EndGlobalSection
EndGlobal
