
Microsoft Visual Studio Solution File, Format Version 12.00
# Visual Studio Version 17
VisualStudioVersion = 17.10.35013.160
MinimumVisualStudioVersion = 10.0.40219.1
Project("{FAE04EC0-301F-11D3-BF4B-00C04F79EFBC}") = "ConsoleApp1", "ConsoleApp1\ConsoleApp1.csproj", "{BAD672C5-0204-4BF9-B108-0C1EFC0D5AD9}"
EndProject
Global
	GlobalSection(SolutionConfigurationPlatforms) = preSolution
		Debug|Any CPU = Debug|Any CPU
		Release|Any CPU = Release|Any CPU
	EndGlobalSection
	GlobalSection(ProjectConfigurationPlatforms) = postSolution
		{BAD672C5-0204-4BF9-B108-0C1EFC0D5AD9}.Debug|Any CPU.ActiveCfg = Debug|Any CPU
		{BAD672C5-0204-4BF9-B108-0C1EFC0D5AD9}.Debug|Any CPU.Build.0 = Debug|Any CPU
		{BAD672C5-0204-4BF9-B108-0C1EFC0D5AD9}.Release|Any CPU.ActiveCfg = Release|Any CPU
		{BAD672C5-0204-4BF9-B108-0C1EFC0D5AD9}.Release|Any CPU.Build.0 = Release|Any CPU
	EndGlobalSection
	GlobalSection(SolutionProperties) = preSolution
		HideSolutionNode = FALSE
	EndGlobalSection
	GlobalSection(ExtensibilityGlobals) = postSolution
		SolutionGuid = {562638C3-FF60-4401-9C80-7FE7BFBF2FFF}
	EndGlobalSection
EndGlobal
